Microsoft Visual Studio Solution File, Format Version 11.00
# Visual Studio 2010
Project("{8BC9CEB8-8B4A-11D0-8D11-00A0C91BC942}") = "AshIDE", "AshIDE\AshIDE.vcxproj", "{CF30DE21-27E1-46D5-5C73-90D2DB43BC9D}"
EndProject
Project("{8BC9CEB8-8B4A-11D0-8D11-00A0C91BC942}") = "AsmConvert2to3", "AsmConvert2to3\AsmConvert2to3.vcxproj", "{A9394DC4-25F0-D72E-87CE-927B57701D31}"
EndProject
Project("{8BC9CEB8-8B4A-11D0-8D11-00A0C91BC942}") = "AsmConvertLC3", "AsmConvertLC3\AsmConvertLC3.vcxproj", "{415FB616-0F51-8748-2851-540DD7FBD46C}"
EndProject
Project("{8BC9CEB8-8B4A-11D0-8D11-00A0C91BC942}") = "Assembler", "Assembler\Assembler.vcxproj", "{7E767A39-F0B4-D2DF-1D40-F98A47FB7932}"
EndProject
Project("{8BC9CEB8-8B4A-11D0-8D11-00A0C91BC942}") = "EndianCheck", "EndianCheck\EndianCheck.vcxproj", "{168F8A74-913E-AF8E-3E42-A2080FF3DA8D}"
EndProject
Project("{8BC9CEB8-8B4A-11D0-8D11-00A0C91BC942}") = "LC3Assembler", "LC3Assembler\LC3Assembler.vcxproj", "{2CD33801-9D13-BEFC-6AD8-A5DC4AFF49FB}"
EndProject
Project("{8BC9CEB8-8B4A-11D0-8D11-00A0C91BC942}") = "LC3Simulator", "LC3Simulator\LC3Simulator.vcxproj", "{C405BD5F-07D4-7B21-A21A-307241A22001}"
EndProject
Project("{8BC9CEB8-8B4A-11D0-8D11-00A0C91BC942}") = "LC3bAssembler", "LC3bAssembler\LC3bAssembler.vcxproj", "{639639EB-98AD-F4E3-B7DA-7E53B9FD2717}"
EndProject
Project("{8BC9CEB8-8B4A-11D0-8D11-00A0C91BC942}") = "LC3bSimulator", "LC3bSimulator\LC3bSimulator.vcxproj", "{258C1926-B3BB-C3FF-9BB7-C817FD507CEF}"
EndProject
Project("{8BC9CEB8-8B4A-11D0-8D11-00A0C91BC942}") = "Simulator", "Simulator\Simulator.vcxproj", "{D9245316-02B5-B6D8-CD58-3BC255A21529}"
EndProject
Project("{8BC9CEB8-8B4A-11D0-8D11-00A0C91BC942}") = "Test", "Test\Test.vcxproj", "{D110CDBF-381D-B76F-7782-1014CAFCF9FA}"
EndProject
Project("{8BC9CEB8-8B4A-11D0-8D11-00A0C91BC942}") = "JMTLib", "JMTLib\JMTLib.vcxproj", "{22FDEE8F-CE10-4D07-B65B-F3740941DAD3}"
EndProject
Global
	GlobalSection(SolutionConfigurationPlatforms) = preSolution
		Debug|Win32 = Debug|Win32
		LC3 Release|Win32 = LC3 Release|Win32
		LC3b Release|Win32 = LC3b Release|Win32
		Release|Win32 = Release|Win32
	EndGlobalSection
	GlobalSection(ProjectConfigurationPlatforms) = postSolution
		{CF30DE21-27E1-46D5-5C73-90D2DB43BC9D}.Debug|Win32.ActiveCfg = Debug|Win32
		{CF30DE21-27E1-46D5-5C73-90D2DB43BC9D}.LC3 Release|Win32.ActiveCfg = LC3 Release|Win32
		{CF30DE21-27E1-46D5-5C73-90D2DB43BC9D}.LC3b Release|Win32.ActiveCfg = LC3b Release|Win32
		{CF30DE21-27E1-46D5-5C73-90D2DB43BC9D}.Release|Win32.ActiveCfg = Release|Win32
		{A9394DC4-25F0-D72E-87CE-927B57701D31}.Debug|Win32.ActiveCfg = Debug|Win32
		{A9394DC4-25F0-D72E-87CE-927B57701D31}.LC3 Release|Win32.ActiveCfg = Release|Win32
		{A9394DC4-25F0-D72E-87CE-927B57701D31}.LC3b Release|Win32.ActiveCfg = Release|Win32
		{A9394DC4-25F0-D72E-87CE-927B57701D31}.Release|Win32.ActiveCfg = Release|Win32
		{415FB616-0F51-8748-2851-540DD7FBD46C}.Debug|Win32.ActiveCfg = Debug|Win32
		{415FB616-0F51-8748-2851-540DD7FBD46C}.LC3 Release|Win32.ActiveCfg = Release|Win32
		{415FB616-0F51-8748-2851-540DD7FBD46C}.LC3b Release|Win32.ActiveCfg = Release|Win32
		{415FB616-0F51-8748-2851-540DD7FBD46C}.Release|Win32.ActiveCfg = Release|Win32
		{7E767A39-F0B4-D2DF-1D40-F98A47FB7932}.Debug|Win32.ActiveCfg = Debug|Win32
		{7E767A39-F0B4-D2DF-1D40-F98A47FB7932}.LC3 Release|Win32.ActiveCfg = Release|Win32
		{7E767A39-F0B4-D2DF-1D40-F98A47FB7932}.LC3b Release|Win32.ActiveCfg = Release|Win32
		{7E767A39-F0B4-D2DF-1D40-F98A47FB7932}.Release|Win32.ActiveCfg = Release|Win32
		{168F8A74-913E-AF8E-3E42-A2080FF3DA8D}.Debug|Win32.ActiveCfg = Debug|Win32
		{168F8A74-913E-AF8E-3E42-A2080FF3DA8D}.LC3 Release|Win32.ActiveCfg = Release|Win32
		{168F8A74-913E-AF8E-3E42-A2080FF3DA8D}.LC3b Release|Win32.ActiveCfg = Release|Win32
		{168F8A74-913E-AF8E-3E42-A2080FF3DA8D}.Release|Win32.ActiveCfg = Release|Win32
		{2CD33801-9D13-BEFC-6AD8-A5DC4AFF49FB}.Debug|Win32.ActiveCfg = Debug|Win32
		{2CD33801-9D13-BEFC-6AD8-A5DC4AFF49FB}.LC3 Release|Win32.ActiveCfg = Release|Win32
		{2CD33801-9D13-BEFC-6AD8-A5DC4AFF49FB}.LC3b Release|Win32.ActiveCfg = Release|Win32
		{2CD33801-9D13-BEFC-6AD8-A5DC4AFF49FB}.Release|Win32.ActiveCfg = Release|Win32
		{C405BD5F-07D4-7B21-A21A-307241A22001}.Debug|Win32.ActiveCfg = Debug|Win32
		{C405BD5F-07D4-7B21-A21A-307241A22001}.LC3 Release|Win32.ActiveCfg = Release|Win32
		{C405BD5F-07D4-7B21-A21A-307241A22001}.LC3b Release|Win32.ActiveCfg = Release|Win32
		{C405BD5F-07D4-7B21-A21A-307241A22001}.Release|Win32.ActiveCfg = Release|Win32
		{639639EB-98AD-F4E3-B7DA-7E53B9FD2717}.Debug|Win32.ActiveCfg = Debug|Win32
		{639639EB-98AD-F4E3-B7DA-7E53B9FD2717}.LC3 Release|Win32.ActiveCfg = Release|Win32
		{639639EB-98AD-F4E3-B7DA-7E53B9FD2717}.LC3b Release|Win32.ActiveCfg = Release|Win32
		{639639EB-98AD-F4E3-B7DA-7E53B9FD2717}.Release|Win32.ActiveCfg = Release|Win32
		{258C1926-B3BB-C3FF-9BB7-C817FD507CEF}.Debug|Win32.ActiveCfg = Debug|Win32
		{258C1926-B3BB-C3FF-9BB7-C817FD507CEF}.LC3 Release|Win32.ActiveCfg = Release|Win32
		{258C1926-B3BB-C3FF-9BB7-C817FD507CEF}.LC3b Release|Win32.ActiveCfg = Release|Win32
		{258C1926-B3BB-C3FF-9BB7-C817FD507CEF}.Release|Win32.ActiveCfg = Release|Win32
		{D9245316-02B5-B6D8-CD58-3BC255A21529}.Debug|Win32.ActiveCfg = Debug|Win32
		{D9245316-02B5-B6D8-CD58-3BC255A21529}.LC3 Release|Win32.ActiveCfg = Release|Win32
		{D9245316-02B5-B6D8-CD58-3BC255A21529}.LC3b Release|Win32.ActiveCfg = Release|Win32
		{D9245316-02B5-B6D8-CD58-3BC255A21529}.Release|Win32.ActiveCfg = Release|Win32
		{D110CDBF-381D-B76F-7782-1014CAFCF9FA}.Debug|Win32.ActiveCfg = Debug|Win32
		{D110CDBF-381D-B76F-7782-1014CAFCF9FA}.LC3 Release|Win32.ActiveCfg = Release|Win32
		{D110CDBF-381D-B76F-7782-1014CAFCF9FA}.LC3b Release|Win32.ActiveCfg = Release|Win32
		{D110CDBF-381D-B76F-7782-1014CAFCF9FA}.Release|Win32.ActiveCfg = Release|Win32
		{22FDEE8F-CE10-4D07-B65B-F3740941DAD3}.Debug|Win32.ActiveCfg = Debug|Win32
		{22FDEE8F-CE10-4D07-B65B-F3740941DAD3}.Debug|Win32.Build.0 = Debug|Win32
		{22FDEE8F-CE10-4D07-B65B-F3740941DAD3}.LC3 Release|Win32.ActiveCfg = Release|Win32
		{22FDEE8F-CE10-4D07-B65B-F3740941DAD3}.LC3 Release|Win32.Build.0 = Release|Win32
		{22FDEE8F-CE10-4D07-B65B-F3740941DAD3}.LC3b Release|Win32.ActiveCfg = Release|Win32
		{22FDEE8F-CE10-4D07-B65B-F3740941DAD3}.LC3b Release|Win32.Build.0 = Release|Win32
		{22FDEE8F-CE10-4D07-B65B-F3740941DAD3}.Release|Win32.ActiveCfg = Release|Win32
		{22FDEE8F-CE10-4D07-B65B-F3740941DAD3}.Release|Win32.Build.0 = Release|Win32
	EndGlobalSection
	GlobalSection(SolutionProperties) = preSolution
		HideSolutionNode = FALSE
	EndGlobalSection
EndGlobal
