<?xml version="1.0" encoding="utf-8"?>
<Project ToolsVersion="4.0" xmlns="http://schemas.microsoft.com/developer/msbuild/2003">
  <ItemGroup>
    <Filter Include="Source Files">
      <UniqueIdentifier>{32b7a36e-ab85-42e2-baaa-41e3439faad5}</UniqueIdentifier>
      <Extensions>cpp;c;cxx;rc;def;r;odl;idl;hpj;bat</Extensions>
    </Filter>
    <Filter Include="Header Files">
      <UniqueIdentifier>{6f63a34f-4c95-4117-965b-f06c872c1482}</UniqueIdentifier>
      <Extensions>h;hpp;hxx;hm;inl</Extensions>
    </Filter>
    <Filter Include="Sim Src Files">
      <UniqueIdentifier>{db7f1db3-9d6f-4ccf-a1dc-53815c7d1138}</UniqueIdentifier>
    </Filter>
    <Filter Include="Sim Hdr Files">
      <UniqueIdentifier>{279f2231-47bc-49a8-a222-ebbfe45622d0}</UniqueIdentifier>
    </Filter>
    <Filter Include="Asm Src Files">
      <UniqueIdentifier>{2296374b-d6a7-42bf-b69b-ead7eacee57d}</UniqueIdentifier>
    </Filter>
    <Filter Include="Asm Hdr Files">
      <UniqueIdentifier>{5d259b01-342a-42e9-801e-6ac8a2fbe454}</UniqueIdentifier>
    </Filter>
    <Filter Include="Resource Files">
      <UniqueIdentifier>{89f778e7-1f3f-45d7-a7e1-e221188bb438}</UniqueIdentifier>
      <Extensions>ico;cur;bmp;dlg;rc2;rct;bin;rgs;gif;jpg;jpeg;jpe</Extensions>
    </Filter>
    <Filter Include="JMTLib">
      <UniqueIdentifier>{fea7ca3f-512a-4c93-ad4d-0a26729c2af0}</UniqueIdentifier>
    </Filter>
  </ItemGroup>
  <ItemGroup>
    <ClCompile Include="..\LC3bAssembler\AsmUI.cpp">
      <Filter>Source Files</Filter>
    </ClCompile>
    <ClCompile Include="LC3bArch.cpp">
      <Filter>Source Files</Filter>
    </ClCompile>
    <ClCompile Include="..\LC3bAssembler\LC3bISA.cpp">
      <Filter>Source Files</Filter>
    </ClCompile>
    <ClCompile Include="main.cpp">
      <Filter>Source Files</Filter>
    </ClCompile>
    <ClCompile Include="SimUI.cpp">
      <Filter>Source Files</Filter>
    </ClCompile>
    <ClCompile Include="..\Simulator\Architecture.cpp">
      <Filter>Sim Src Files</Filter>
    </ClCompile>
    <ClCompile Include="..\Simulator\Memory.cpp">
      <Filter>Sim Src Files</Filter>
    </ClCompile>
    <ClCompile Include="..\Simulator\Pipeline.cpp">
      <Filter>Sim Src Files</Filter>
    </ClCompile>
    <ClCompile Include="..\Simulator\Register.cpp">
      <Filter>Sim Src Files</Filter>
    </ClCompile>
    <ClCompile Include="..\Simulator\Simulator.cpp">
      <Filter>Sim Src Files</Filter>
    </ClCompile>
    <ClCompile Include="..\Assembler\AsmLexer.cpp">
      <Filter>Asm Src Files</Filter>
    </ClCompile>
    <ClCompile Include="..\Assembler\AsmParser.cpp">
      <Filter>Asm Src Files</Filter>
    </ClCompile>
    <ClCompile Include="..\Assembler\AsmToken.cpp">
      <Filter>Asm Src Files</Filter>
    </ClCompile>
    <ClCompile Include="..\Assembler\Assembler.cpp">
      <Filter>Asm Src Files</Filter>
    </ClCompile>
    <ClCompile Include="..\Assembler\Base.cpp">
      <Filter>Asm Src Files</Filter>
    </ClCompile>
    <ClCompile Include="..\Assembler\Data.cpp">
      <Filter>Asm Src Files</Filter>
    </ClCompile>
    <ClCompile Include="..\Assembler\Disassembler.cpp">
      <Filter>Asm Src Files</Filter>
    </ClCompile>
    <ClCompile Include="..\Assembler\Element.cpp">
      <Filter>Asm Src Files</Filter>
    </ClCompile>
    <ClCompile Include="..\Assembler\Expander.cpp">
      <Filter>Asm Src Files</Filter>
    </ClCompile>
    <ClCompile Include="..\Assembler\Label.cpp">
      <Filter>Asm Src Files</Filter>
    </ClCompile>
    <ClCompile Include="..\Assembler\Number.cpp">
      <Filter>Asm Src Files</Filter>
    </ClCompile>
    <ClCompile Include="..\Assembler\Program.cpp">
      <Filter>Asm Src Files</Filter>
    </ClCompile>
    <ClCompile Include="..\Assembler\Segment.cpp">
      <Filter>Asm Src Files</Filter>
    </ClCompile>
    <ClCompile Include="..\Assembler\Symbol.cpp">
      <Filter>Asm Src Files</Filter>
    </ClCompile>
    <ClCompile Include="..\Assembler\SymbolTable.cpp">
      <Filter>Asm Src Files</Filter>
    </ClCompile>
    <ClCompile Include="..\JMTLib\HighlightLexer.cpp">
      <Filter>JMTLib</Filter>
    </ClCompile>
    <ClCompile Include="..\JMTLib\JMTLib.cpp">
      <Filter>JMTLib</Filter>
    </ClCompile>
    <ClCompile Include="..\JMTLib\Lexer.cpp">
      <Filter>JMTLib</Filter>
    </ClCompile>
    <ClCompile Include="..\JMTLib\Token.cpp">
      <Filter>JMTLib</Filter>
    </ClCompile>
  </ItemGroup>
  <ItemGroup>
    <ClInclude Include="..\LC3bAssembler\AsmUI.h">
      <Filter>Header Files</Filter>
    </ClInclude>
    <ClInclude Include="LC3bArch.h">
      <Filter>Header Files</Filter>
    </ClInclude>
    <ClInclude Include="..\LC3bAssembler\LC3bISA.h">
      <Filter>Header Files</Filter>
    </ClInclude>
    <ClInclude Include="SimUI.h">
      <Filter>Header Files</Filter>
    </ClInclude>
    <ClInclude Include="..\Simulator\Architecture.h">
      <Filter>Sim Hdr Files</Filter>
    </ClInclude>
    <ClInclude Include="..\Simulator\Memory.h">
      <Filter>Sim Hdr Files</Filter>
    </ClInclude>
    <ClInclude Include="..\Simulator\Pipeline.h">
      <Filter>Sim Hdr Files</Filter>
    </ClInclude>
    <ClInclude Include="..\Simulator\Register.h">
      <Filter>Sim Hdr Files</Filter>
    </ClInclude>
    <ClInclude Include="..\Simulator\Simulator.h">
      <Filter>Sim Hdr Files</Filter>
    </ClInclude>
    <ClInclude Include="..\Assembler\AsmLexer.h">
      <Filter>Asm Hdr Files</Filter>
    </ClInclude>
    <ClInclude Include="..\Assembler\AsmParser.h">
      <Filter>Asm Hdr Files</Filter>
    </ClInclude>
    <ClInclude Include="..\Assembler\AsmToken.h">
      <Filter>Asm Hdr Files</Filter>
    </ClInclude>
    <ClInclude Include="..\Assembler\Assembler.h">
      <Filter>Asm Hdr Files</Filter>
    </ClInclude>
    <ClInclude Include="..\Assembler\Base.h">
      <Filter>Asm Hdr Files</Filter>
    </ClInclude>
    <ClInclude Include="..\Assembler\Data.h">
      <Filter>Asm Hdr Files</Filter>
    </ClInclude>
    <ClInclude Include="..\Assembler\Disassembler.h">
      <Filter>Asm Hdr Files</Filter>
    </ClInclude>
    <ClInclude Include="..\Assembler\Element.h">
      <Filter>Asm Hdr Files</Filter>
    </ClInclude>
    <ClInclude Include="..\Assembler\Expander.h">
      <Filter>Asm Hdr Files</Filter>
    </ClInclude>
    <ClInclude Include="..\Assembler\Label.h">
      <Filter>Asm Hdr Files</Filter>
    </ClInclude>
    <ClInclude Include="..\Assembler\Number.h">
      <Filter>Asm Hdr Files</Filter>
    </ClInclude>
    <ClInclude Include="..\Assembler\Program.h">
      <Filter>Asm Hdr Files</Filter>
    </ClInclude>
    <ClInclude Include="..\Assembler\Segment.h">
      <Filter>Asm Hdr Files</Filter>
    </ClInclude>
    <ClInclude Include="..\Assembler\Symbol.h">
      <Filter>Asm Hdr Files</Filter>
    </ClInclude>
    <ClInclude Include="..\Assembler\SymbolTable.h">
      <Filter>Asm Hdr Files</Filter>
    </ClInclude>
    <ClInclude Include="..\JMTLib\HighlightLexer.h">
      <Filter>JMTLib</Filter>
    </ClInclude>
    <ClInclude Include="..\JMTLib\JMTLib.h">
      <Filter>JMTLib</Filter>
    </ClInclude>
    <ClInclude Include="..\JMTLib\Lexer.h">
      <Filter>JMTLib</Filter>
    </ClInclude>
    <ClInclude Include="..\JMTLib\Token.h">
      <Filter>JMTLib</Filter>
    </ClInclude>
  </ItemGroup>
  <ItemGroup>
    <CustomBuildStep Include="..\LC3bAssembler\LC3bISA.def">
      <Filter>Source Files</Filter>
    </CustomBuildStep>
  </ItemGroup>
</Project>